
Microsoft Visual Studio Solution File, Format Version 12.00
# Visual Studio Version 17
VisualStudioVersion = 17.2.32616.157
MinimumVisualStudioVersion = 10.0.40219.1
Project("{9A19103F-16F7-4668-BE54-9A1E7A4F7556}") = "Shopping.Web", "Shopping.Web\Shopping.Web.csproj", "{F90762D1-4FE3-45CB-A2CA-B86DCE9A0578}"
EndProject
Global
	GlobalSection(SolutionConfigurationPlatforms) = preSolution
		Debug|Any CPU = Debug|Any CPU
		Release|Any CPU = Release|Any CPU
	EndGlobalSection
	GlobalSection(ProjectConfigurationPlatforms) = postSolution
		{F90762D1-4FE3-45CB-A2CA-B86DCE9A0578}.Debug|Any CPU.ActiveCfg = Debug|Any CPU
		{F90762D1-4FE3-45CB-A2CA-B86DCE9A0578}.Debug|Any CPU.Build.0 = Debug|Any CPU
		{F90762D1-4FE3-45CB-A2CA-B86DCE9A0578}.Release|Any CPU.ActiveCfg = Release|Any CPU
		{F90762D1-4FE3-45CB-A2CA-B86DCE9A0578}.Release|Any CPU.Build.0 = Release|Any CPU
	EndGlobalSection
	GlobalSection(SolutionProperties) = preSolution
		HideSolutionNode = FALSE
	EndGlobalSection
	GlobalSection(ExtensibilityGlobals) = postSolution
		SolutionGuid = {9282B256-7FA0-4951-B630-3514F3029B7D}
	EndGlobalSection
EndGlobal
